
Microsoft Visual Studio Solution File, Format Version 12.00
# Visual Studio Version 17
VisualStudioVersion = 17.12.35527.113
MinimumVisualStudioVersion = 10.0.40219.1
Project("{FAE04EC0-301F-11D3-BF4B-00C04F79EFBC}") = "Orders.backend", "Orders.backend\Orders.backend.csproj", "{2B85C8B1-2A97-4B62-94D4-85CED4450B63}"
EndProject
Project("{FAE04EC0-301F-11D3-BF4B-00C04F79EFBC}") = "Orders.Frontend", "Orders.Frontend\Orders.Frontend.csproj", "{16515BFB-8E9C-413C-A721-B6FF2B6E6D0A}"
EndProject
Project("{FAE04EC0-301F-11D3-BF4B-00C04F79EFBC}") = "Orders.Shared", "Orders.Shared\Orders.Shared.csproj", "{7249716E-CCEE-43BA-B4E6-0DFC9D5AE827}"
EndProject
Project("{FAE04EC0-301F-11D3-BF4B-00C04F79EFBC}") = "Orders.Tests", "Orders.Tests\Orders.Tests.csproj", "{CB3606A6-D010-489C-AC7C-3A6B7607B44E}"
EndProject
Global
	GlobalSection(SolutionConfigurationPlatforms) = preSolution
		Debug|Any CPU = Debug|Any CPU
		Release|Any CPU = Release|Any CPU
	EndGlobalSection
	GlobalSection(ProjectConfigurationPlatforms) = postSolution
		{2B85C8B1-2A97-4B62-94D4-85CED4450B63}.Debug|Any CPU.ActiveCfg = Debug|Any CPU
		{2B85C8B1-2A97-4B62-94D4-85CED4450B63}.Debug|Any CPU.Build.0 = Debug|Any CPU
		{2B85C8B1-2A97-4B62-94D4-85CED4450B63}.Release|Any CPU.ActiveCfg = Release|Any CPU
		{2B85C8B1-2A97-4B62-94D4-85CED4450B63}.Release|Any CPU.Build.0 = Release|Any CPU
		{16515BFB-8E9C-413C-A721-B6FF2B6E6D0A}.Debug|Any CPU.ActiveCfg = Debug|Any CPU
		{16515BFB-8E9C-413C-A721-B6FF2B6E6D0A}.Debug|Any CPU.Build.0 = Debug|Any CPU
		{16515BFB-8E9C-413C-A721-B6FF2B6E6D0A}.Release|Any CPU.ActiveCfg = Release|Any CPU
		{16515BFB-8E9C-413C-A721-B6FF2B6E6D0A}.Release|Any CPU.Build.0 = Release|Any CPU
		{7249716E-CCEE-43BA-B4E6-0DFC9D5AE827}.Debug|Any CPU.ActiveCfg = Debug|Any CPU
		{7249716E-CCEE-43BA-B4E6-0DFC9D5AE827}.Debug|Any CPU.Build.0 = Debug|Any CPU
		{7249716E-CCEE-43BA-B4E6-0DFC9D5AE827}.Release|Any CPU.ActiveCfg = Release|Any CPU
		{7249716E-CCEE-43BA-B4E6-0DFC9D5AE827}.Release|Any CPU.Build.0 = Release|Any CPU
		{CB3606A6-D010-489C-AC7C-3A6B7607B44E}.Debug|Any CPU.ActiveCfg = Debug|Any CPU
		{CB3606A6-D010-489C-AC7C-3A6B7607B44E}.Debug|Any CPU.Build.0 = Debug|Any CPU
		{CB3606A6-D010-489C-AC7C-3A6B7607B44E}.Release|Any CPU.ActiveCfg = Release|Any CPU
		{CB3606A6-D010-489C-AC7C-3A6B7607B44E}.Release|Any CPU.Build.0 = Release|Any CPU
	EndGlobalSection
	GlobalSection(SolutionProperties) = preSolution
		HideSolutionNode = FALSE
	EndGlobalSection
EndGlobal
